// !$*UTF8*$!
{
	archiveVersion = 1;
	classes = {
	};
	objectVersion = 46;
	objects = {

/* Begin PBXBuildFile section */
		C1E8503213FFA4C300B38510 /* UIKit.framework in Frameworks */ = {isa = PBXBuildFile; fileRef = C1E8503113FFA4C300B38510 /* UIKit.framework */; };
		C1E8503413FFA4C300B38510 /* Foundation.framework in Frameworks */ = {isa = PBXBuildFile; fileRef = C1E8503313FFA4C300B38510 /* Foundation.framework */; };
		C1E8503613FFA4C300B38510 /* CoreGraphics.framework in Frameworks */ = {isa = PBXBuildFile; fileRef = C1E8503513FFA4C300B38510 /* CoreGraphics.framework */; };
		C1E8503C13FFA4C300B38510 /* InfoPlist.strings in Resources */ = {isa = PBXBuildFile; fileRef = C1E8503A13FFA4C300B38510 /* InfoPlist.strings */; };
		C1E8503F13FFA4C300B38510 /* main.m in Sources */ = {isa = PBXBuildFile; fileRef = C1E8503E13FFA4C300B38510 /* main.m */; };
		C1E8504213FFA4C300B38510 /* UIDeviceAdditionAppDelegate.m in Sources */ = {isa = PBXBuildFile; fileRef = C1E8504113FFA4C300B38510 /* UIDeviceAdditionAppDelegate.m */; };
		C1E8504513FFA4C300B38510 /* MainWindow.xib in Resources */ = {isa = PBXBuildFile; fileRef = C1E8504313FFA4C300B38510 /* MainWindow.xib */; };
		C1E8504813FFA4C300B38510 /* UIDeviceAdditionViewController.m in Sources */ = {isa = PBXBuildFile; fileRef = C1E8504713FFA4C300B38510 /* UIDeviceAdditionViewController.m */; };
		C1E8504B13FFA4C300B38510 /* UIDeviceAdditionViewController.xib in Resources */ = {isa = PBXBuildFile; fileRef = C1E8504913FFA4C300B38510 /* UIDeviceAdditionViewController.xib */; };
		C1E8505413FFA51200B38510 /* UIDevice+IdentifierAddition.m in Sources */ = {isa = PBXBuildFile; fileRef = C1E8505313FFA51200B38510 /* UIDevice+IdentifierAddition.m */; };
		C1E8506313FFAB5D00B38510 /* NSString+MD5Addition.m in Sources */ = {isa = PBXBuildFile; fileRef = C1E8506213FFAB5D00B38510 /* NSString+MD5Addition.m */; };
		FB23CE02158A62BB0099D74C /* Foundation.framework in Frameworks */ = {isa = PBXBuildFile; fileRef = C1E8503313FFA4C300B38510 /* Foundation.framework */; };
		FB23CE0D158A62D70099D74C /* UIDevice+IdentifierAddition.m in Sources */ = {isa = PBXBuildFile; fileRef = C1E8505313FFA51200B38510 /* UIDevice+IdentifierAddition.m */; };
		FB23CE0E158A62D70099D74C /* NSString+MD5Addition.m in Sources */ = {isa = PBXBuildFile; fileRef = C1E8506213FFAB5D00B38510 /* NSString+MD5Addition.m */; };
		FBD7FF991562E6DA0065F054 /* SenTestingKit.framework in Frameworks */ = {isa = PBXBuildFile; fileRef = FBD7FF981562E6DA0065F054 /* SenTestingKit.framework */; };
		FBD7FF9A1562E6DA0065F054 /* UIKit.framework in Frameworks */ = {isa = PBXBuildFile; fileRef = C1E8503113FFA4C300B38510 /* UIKit.framework */; };
		FBD7FF9B1562E6DA0065F054 /* Foundation.framework in Frameworks */ = {isa = PBXBuildFile; fileRef = C1E8503313FFA4C300B38510 /* Foundation.framework */; };
		FBD7FFA41562E6DA0065F054 /* InfoPlist.strings in Resources */ = {isa = PBXBuildFile; fileRef = FBD7FFA21562E6DA0065F054 /* InfoPlist.strings */; };
		FBD7FFA71562E6DA0065F054 /* UIDeviceAdditionLibTests.m in Sources */ = {isa = PBXBuildFile; fileRef = FBD7FFA61562E6DA0065F054 /* UIDeviceAdditionLibTests.m */; };
/* End PBXBuildFile section */

/* Begin PBXFileReference section */
		C1E8502D13FFA4C300B38510 /* UIDeviceAddition.app */ = {isa = PBXFileReference; explicitFileType = wrapper.application; includeInIndex = 0; path = UIDeviceAddition.app; sourceTree = BUILT_PRODUCTS_DIR; };
		C1E8503113FFA4C300B38510 /* UIKit.framework */ = {isa = PBXFileReference; lastKnownFileType = wrapper.framework; name = UIKit.framework; path = System/Library/Frameworks/UIKit.framework; sourceTree = SDKROOT; };
		C1E8503313FFA4C300B38510 /* Foundation.framework */ = {isa = PBXFileReference; lastKnownFileType = wrapper.framework; name = Foundation.framework; path = System/Library/Frameworks/Foundation.framework; sourceTree = SDKROOT; };
		C1E8503513FFA4C300B38510 /* CoreGraphics.framework */ = {isa = PBXFileReference; lastKnownFileType = wrapper.framework; name = CoreGraphics.framework; path = System/Library/Frameworks/CoreGraphics.framework; sourceTree = SDKROOT; };
		C1E8503913FFA4C300B38510 /* UIDeviceAddition-Info.plist */ = {isa = PBXFileReference; lastKnownFileType = text.plist.xml; path = "UIDeviceAddition-Info.plist"; sourceTree = "<group>"; };
		C1E8503B13FFA4C300B38510 /* en */ = {isa = PBXFileReference; lastKnownFileType = text.plist.strings; name = en; path = en.lproj/InfoPlist.strings; sourceTree = "<group>"; };
		C1E8503D13FFA4C300B38510 /* UIDeviceAddition-Prefix.pch */ = {isa = PBXFileReference; lastKnownFileType = sourcecode.c.h; path = "UIDeviceAddition-Prefix.pch"; sourceTree = "<group>"; };
		C1E8503E13FFA4C300B38510 /* main.m */ = {isa = PBXFileReference; lastKnownFileType = sourcecode.c.objc; path = main.m; sourceTree = "<group>"; };
		C1E8504013FFA4C300B38510 /* UIDeviceAdditionAppDelegate.h */ = {isa = PBXFileReference; lastKnownFileType = sourcecode.c.h; path = UIDeviceAdditionAppDelegate.h; sourceTree = "<group>"; };
		C1E8504113FFA4C300B38510 /* UIDeviceAdditionAppDelegate.m */ = {isa = PBXFileReference; lastKnownFileType = sourcecode.c.objc; path = UIDeviceAdditionAppDelegate.m; sourceTree = "<group>"; };
		C1E8504413FFA4C300B38510 /* en */ = {isa = PBXFileReference; lastKnownFileType = file.xib; name = en; path = en.lproj/MainWindow.xib; sourceTree = "<group>"; };
		C1E8504613FFA4C300B38510 /* UIDeviceAdditionViewController.h */ = {isa = PBXFileReference; lastKnownFileType = sourcecode.c.h; path = UIDeviceAdditionViewController.h; sourceTree = "<group>"; };
		C1E8504713FFA4C300B38510 /* UIDeviceAdditionViewController.m */ = {isa = PBXFileReference; lastKnownFileType = sourcecode.c.objc; path = UIDeviceAdditionViewController.m; sourceTree = "<group>"; };
		C1E8504A13FFA4C300B38510 /* en */ = {isa = PBXFileReference; lastKnownFileType = file.xib; name = en; path = en.lproj/UIDeviceAdditionViewController.xib; sourceTree = "<group>"; };
		C1E8505213FFA51200B38510 /* UIDevice+IdentifierAddition.h */ = {isa = PBXFileReference; fileEncoding = 4; lastKnownFileType = sourcecode.c.h; name = "UIDevice+IdentifierAddition.h"; path = "Classes/UIDevice+IdentifierAddition.h"; sourceTree = "<group>"; };
		C1E8505313FFA51200B38510 /* UIDevice+IdentifierAddition.m */ = {isa = PBXFileReference; fileEncoding = 4; lastKnownFileType = sourcecode.c.objc; name = "UIDevice+IdentifierAddition.m"; path = "Classes/UIDevice+IdentifierAddition.m"; sourceTree = "<group>"; };
		C1E8506113FFAB5D00B38510 /* NSString+MD5Addition.h */ = {isa = PBXFileReference; fileEncoding = 4; lastKnownFileType = sourcecode.c.h; name = "NSString+MD5Addition.h"; path = "Classes/NSString+MD5Addition.h"; sourceTree = "<group>"; };
		C1E8506213FFAB5D00B38510 /* NSString+MD5Addition.m */ = {isa = PBXFileReference; fileEncoding = 4; lastKnownFileType = sourcecode.c.objc; name = "NSString+MD5Addition.m"; path = "Classes/NSString+MD5Addition.m"; sourceTree = "<group>"; };
		FB23CE01158A62BB0099D74C /* libUIDeviceAdditionLib.a */ = {isa = PBXFileReference; explicitFileType = archive.ar; includeInIndex = 0; path = libUIDeviceAdditionLib.a; sourceTree = BUILT_PRODUCTS_DIR; };
		FB23CE05158A62BB0099D74C /* UIDeviceAdditionLib-Prefix.pch */ = {isa = PBXFileReference; lastKnownFileType = sourcecode.c.h; path = "UIDeviceAdditionLib-Prefix.pch"; sourceTree = "<group>"; };
		FB23CE06158A62BB0099D74C /* UIDeviceAdditionLib.h */ = {isa = PBXFileReference; lastKnownFileType = sourcecode.c.h; path = UIDeviceAdditionLib.h; sourceTree = "<group>"; };
		FB23CE07158A62BB0099D74C /* UIDeviceAdditionLib.m */ = {isa = PBXFileReference; lastKnownFileType = sourcecode.c.objc; path = UIDeviceAdditionLib.m; sourceTree = "<group>"; };
		FBD7FF8E1562E6DA0065F054 /* UIDeviceAdditionLib-Prefix.pch */ = {isa = PBXFileReference; lastKnownFileType = sourcecode.c.h; path = "UIDeviceAdditionLib-Prefix.pch"; sourceTree = "<group>"; };
		FBD7FF8F1562E6DA0065F054 /* UIDeviceAdditionLib.h */ = {isa = PBXFileReference; lastKnownFileType = sourcecode.c.h; path = UIDeviceAdditionLib.h; sourceTree = "<group>"; };
		FBD7FF901562E6DA0065F054 /* UIDeviceAdditionLib.m */ = {isa = PBXFileReference; lastKnownFileType = sourcecode.c.objc; path = UIDeviceAdditionLib.m; sourceTree = "<group>"; };
		FBD7FF971562E6DA0065F054 /* UIDeviceAdditionLibTests.octest */ = {isa = PBXFileReference; explicitFileType = wrapper.cfbundle; includeInIndex = 0; path = UIDeviceAdditionLibTests.octest; sourceTree = BUILT_PRODUCTS_DIR; };
		FBD7FF981562E6DA0065F054 /* SenTestingKit.framework */ = {isa = PBXFileReference; lastKnownFileType = wrapper.framework; name = SenTestingKit.framework; path = Library/Frameworks/SenTestingKit.framework; sourceTree = DEVELOPER_DIR; };
		FBD7FFA11562E6DA0065F054 /* UIDeviceAdditionLibTests-Info.plist */ = {isa = PBXFileReference; lastKnownFileType = text.plist.xml; path = "UIDeviceAdditionLibTests-Info.plist"; sourceTree = "<group>"; };
		FBD7FFA31562E6DA0065F054 /* en */ = {isa = PBXFileReference; lastKnownFileType = text.plist.strings; name = en; path = en.lproj/InfoPlist.strings; sourceTree = "<group>"; };
		FBD7FFA51562E6DA0065F054 /* UIDeviceAdditionLibTests.h */ = {isa = PBXFileReference; lastKnownFileType = sourcecode.c.h; path = UIDeviceAdditionLibTests.h; sourceTree = "<group>"; };
		FBD7FFA61562E6DA0065F054 /* UIDeviceAdditionLibTests.m */ = {isa = PBXFileReference; lastKnownFileType = sourcecode.c.objc; path = UIDeviceAdditionLibTests.m; sourceTree = "<group>"; };
/* End PBXFileReference section */

/* Begin PBXFrameworksBuildPhase section */
		C1E8502A13FFA4C300B38510 /* Frameworks */ = {
			isa = PBXFrameworksBuildPhase;
			buildActionMask = 2147483647;
			files = (
				C1E8503213FFA4C300B38510 /* UIKit.framework in Frameworks */,
				C1E8503413FFA4C300B38510 /* Foundation.framework in Frameworks */,
				C1E8503613FFA4C300B38510 /* CoreGraphics.framework in Frameworks */,
			);
			runOnlyForDeploymentPostprocessing = 0;
		};
		FB23CDFE158A62BB0099D74C /* Frameworks */ = {
			isa = PBXFrameworksBuildPhase;
			buildActionMask = 2147483647;
			files = (
				FB23CE02158A62BB0099D74C /* Foundation.framework in Frameworks */,
			);
			runOnlyForDeploymentPostprocessing = 0;
		};
		FBD7FF931562E6DA0065F054 /* Frameworks */ = {
			isa = PBXFrameworksBuildPhase;
			buildActionMask = 2147483647;
			files = (
				FBD7FF991562E6DA0065F054 /* SenTestingKit.framework in Frameworks */,
				FBD7FF9A1562E6DA0065F054 /* UIKit.framework in Frameworks */,
				FBD7FF9B1562E6DA0065F054 /* Foundation.framework in Frameworks */,
			);
			runOnlyForDeploymentPostprocessing = 0;
		};
/* End PBXFrameworksBuildPhase section */

/* Begin PBXGroup section */
		C1E8502213FFA4C300B38510 = {
			isa = PBXGroup;
			children = (
				C1E8505113FFA4D300B38510 /* Classes */,
				C1E8503713FFA4C300B38510 /* UIDeviceAddition */,
				FBD7FF8C1562E6DA0065F054 /* UIDeviceAdditionLib */,
				FBD7FF9F1562E6DA0065F054 /* UIDeviceAdditionLibTests */,
				FB23CE03158A62BB0099D74C /* UIDeviceAdditionLib */,
				C1E8503013FFA4C300B38510 /* Frameworks */,
				C1E8502E13FFA4C300B38510 /* Products */,
			);
			sourceTree = "<group>";
		};
		C1E8502E13FFA4C300B38510 /* Products */ = {
			isa = PBXGroup;
			children = (
				C1E8502D13FFA4C300B38510 /* UIDeviceAddition.app */,
				FBD7FF971562E6DA0065F054 /* UIDeviceAdditionLibTests.octest */,
				FB23CE01158A62BB0099D74C /* libUIDeviceAdditionLib.a */,
			);
			name = Products;
			sourceTree = "<group>";
		};
		C1E8503013FFA4C300B38510 /* Frameworks */ = {
			isa = PBXGroup;
			children = (
				C1E8503113FFA4C300B38510 /* UIKit.framework */,
				C1E8503313FFA4C300B38510 /* Foundation.framework */,
				C1E8503513FFA4C300B38510 /* CoreGraphics.framework */,
				FBD7FF981562E6DA0065F054 /* SenTestingKit.framework */,
			);
			name = Frameworks;
			sourceTree = "<group>";
		};
		C1E8503713FFA4C300B38510 /* UIDeviceAddition */ = {
			isa = PBXGroup;
			children = (
				C1E8504013FFA4C300B38510 /* UIDeviceAdditionAppDelegate.h */,
				C1E8504113FFA4C300B38510 /* UIDeviceAdditionAppDelegate.m */,
				C1E8504313FFA4C300B38510 /* MainWindow.xib */,
				C1E8504613FFA4C300B38510 /* UIDeviceAdditionViewController.h */,
				C1E8504713FFA4C300B38510 /* UIDeviceAdditionViewController.m */,
				C1E8504913FFA4C300B38510 /* UIDeviceAdditionViewController.xib */,
				C1E8503813FFA4C300B38510 /* Supporting Files */,
			);
			path = UIDeviceAddition;
			sourceTree = "<group>";
		};
		C1E8503813FFA4C300B38510 /* Supporting Files */ = {
			isa = PBXGroup;
			children = (
				C1E8503913FFA4C300B38510 /* UIDeviceAddition-Info.plist */,
				C1E8503A13FFA4C300B38510 /* InfoPlist.strings */,
				C1E8503D13FFA4C300B38510 /* UIDeviceAddition-Prefix.pch */,
				C1E8503E13FFA4C300B38510 /* main.m */,
			);
			name = "Supporting Files";
			sourceTree = "<group>";
		};
		C1E8505113FFA4D300B38510 /* Classes */ = {
			isa = PBXGroup;
			children = (
				C1E8505213FFA51200B38510 /* UIDevice+IdentifierAddition.h */,
				C1E8505313FFA51200B38510 /* UIDevice+IdentifierAddition.m */,
				C1E8506113FFAB5D00B38510 /* NSString+MD5Addition.h */,
				C1E8506213FFAB5D00B38510 /* NSString+MD5Addition.m */,
			);
			name = Classes;
			sourceTree = "<group>";
		};
		FB23CE03158A62BB0099D74C /* UIDeviceAdditionLib */ = {
			isa = PBXGroup;
			children = (
				FB23CE06158A62BB0099D74C /* UIDeviceAdditionLib.h */,
				FB23CE07158A62BB0099D74C /* UIDeviceAdditionLib.m */,
				FB23CE04158A62BB0099D74C /* Supporting Files */,
			);
			path = UIDeviceAdditionLib;
			sourceTree = "<group>";
		};
		FB23CE04158A62BB0099D74C /* Supporting Files */ = {
			isa = PBXGroup;
			children = (
				FB23CE05158A62BB0099D74C /* UIDeviceAdditionLib-Prefix.pch */,
			);
			name = "Supporting Files";
			sourceTree = "<group>";
		};
		FBD7FF8C1562E6DA0065F054 /* UIDeviceAdditionLib */ = {
			isa = PBXGroup;
			children = (
				FBD7FF8F1562E6DA0065F054 /* UIDeviceAdditionLib.h */,
				FBD7FF901562E6DA0065F054 /* UIDeviceAdditionLib.m */,
				FBD7FF8D1562E6DA0065F054 /* Supporting Files */,
			);
			path = UIDeviceAdditionLib;
			sourceTree = "<group>";
		};
		FBD7FF8D1562E6DA0065F054 /* Supporting Files */ = {
			isa = PBXGroup;
			children = (
				FBD7FF8E1562E6DA0065F054 /* UIDeviceAdditionLib-Prefix.pch */,
			);
			name = "Supporting Files";
			sourceTree = "<group>";
		};
		FBD7FF9F1562E6DA0065F054 /* UIDeviceAdditionLibTests */ = {
			isa = PBXGroup;
			children = (
				FBD7FFA51562E6DA0065F054 /* UIDeviceAdditionLibTests.h */,
				FBD7FFA61562E6DA0065F054 /* UIDeviceAdditionLibTests.m */,
				FBD7FFA01562E6DA0065F054 /* Supporting Files */,
			);
			path = UIDeviceAdditionLibTests;
			sourceTree = "<group>";
		};
		FBD7FFA01562E6DA0065F054 /* Supporting Files */ = {
			isa = PBXGroup;
			children = (
				FBD7FFA11562E6DA0065F054 /* UIDeviceAdditionLibTests-Info.plist */,
				FBD7FFA21562E6DA0065F054 /* InfoPlist.strings */,
			);
			name = "Supporting Files";
			sourceTree = "<group>";
		};
/* End PBXGroup section */

/* Begin PBXHeadersBuildPhase section */
		FB23CDFF158A62BB0099D74C /* Headers */ = {
			isa = PBXHeadersBuildPhase;
			buildActionMask = 2147483647;
			files = (
			);
			runOnlyForDeploymentPostprocessing = 0;
		};
/* End PBXHeadersBuildPhase section */

/* Begin PBXNativeTarget section */
		C1E8502C13FFA4C300B38510 /* UIDeviceAddition */ = {
			isa = PBXNativeTarget;
			buildConfigurationList = C1E8504E13FFA4C300B38510 /* Build configuration list for PBXNativeTarget "UIDeviceAddition" */;
			buildPhases = (
				C1E8502913FFA4C300B38510 /* Sources */,
				C1E8502A13FFA4C300B38510 /* Frameworks */,
				C1E8502B13FFA4C300B38510 /* Resources */,
			);
			buildRules = (
			);
			dependencies = (
			);
			name = UIDeviceAddition;
			productName = UIDeviceAddition;
			productReference = C1E8502D13FFA4C300B38510 /* UIDeviceAddition.app */;
			productType = "com.apple.product-type.application";
		};
		FB23CE00158A62BB0099D74C /* UIDeviceAdditionLib */ = {
			isa = PBXNativeTarget;
			buildConfigurationList = FB23CE09158A62BB0099D74C /* Build configuration list for PBXNativeTarget "UIDeviceAdditionLib" */;
			buildPhases = (
				FB23CDFD158A62BB0099D74C /* Sources */,
				FB23CDFE158A62BB0099D74C /* Frameworks */,
				FB23CDFF158A62BB0099D74C /* Headers */,
			);
			buildRules = (
			);
			dependencies = (
			);
			name = UIDeviceAdditionLib;
			productName = UIDeviceAdditionLib;
			productReference = FB23CE01158A62BB0099D74C /* libUIDeviceAdditionLib.a */;
			productType = "com.apple.product-type.library.static";
		};
		FBD7FF961562E6DA0065F054 /* UIDeviceAdditionLibTests */ = {
			isa = PBXNativeTarget;
			buildConfigurationList = FBD7FFAD1562E6DA0065F054 /* Build configuration list for PBXNativeTarget "UIDeviceAdditionLibTests" */;
			buildPhases = (
				FBD7FF921562E6DA0065F054 /* Sources */,
				FBD7FF931562E6DA0065F054 /* Frameworks */,
				FBD7FF941562E6DA0065F054 /* Resources */,
				FBD7FF951562E6DA0065F054 /* ShellScript */,
			);
			buildRules = (
			);
			dependencies = (
			);
			name = UIDeviceAdditionLibTests;
			productName = UIDeviceAdditionLibTests;
			productReference = FBD7FF971562E6DA0065F054 /* UIDeviceAdditionLibTests.octest */;
			productType = "com.apple.product-type.bundle";
		};
/* End PBXNativeTarget section */

/* Begin PBXProject section */
		C1E8502413FFA4C300B38510 /* Project object */ = {
			isa = PBXProject;
			attributes = {
				LastUpgradeCheck = 0430;
				ORGANIZATIONNAME = "Aurora Apps";
			};
			buildConfigurationList = C1E8502713FFA4C300B38510 /* Build configuration list for PBXProject "UIDeviceAddition" */;
			compatibilityVersion = "Xcode 3.2";
			developmentRegion = English;
			hasScannedForEncodings = 0;
			knownRegions = (
				en,
			);
			mainGroup = C1E8502213FFA4C300B38510;
			productRefGroup = C1E8502E13FFA4C300B38510 /* Products */;
			projectDirPath = "";
			projectRoot = "";
			targets = (
				C1E8502C13FFA4C300B38510 /* UIDeviceAddition */,
				FBD7FF961562E6DA0065F054 /* UIDeviceAdditionLibTests */,
				FB23CE00158A62BB0099D74C /* UIDeviceAdditionLib */,
			);
		};
/* End PBXProject section */

/* Begin PBXResourcesBuildPhase section */
		C1E8502B13FFA4C300B38510 /* Resources */ = {
			isa = PBXResourcesBuildPhase;
			buildActionMask = 2147483647;
			files = (
				C1E8503C13FFA4C300B38510 /* InfoPlist.strings in Resources */,
				C1E8504513FFA4C300B38510 /* MainWindow.xib in Resources */,
				C1E8504B13FFA4C300B38510 /* UIDeviceAdditionViewController.xib in Resources */,
			);
			runOnlyForDeploymentPostprocessing = 0;
		};
		FBD7FF941562E6DA0065F054 /* Resources */ = {
			isa = PBXResourcesBuildPhase;
			buildActionMask = 2147483647;
			files = (
				FBD7FFA41562E6DA0065F054 /* InfoPlist.strings in Resources */,
			);
			runOnlyForDeploymentPostprocessing = 0;
		};
/* End PBXResourcesBuildPhase section */

/* Begin PBXShellScriptBuildPhase section */
		FBD7FF951562E6DA0065F054 /* ShellScript */ = {
			isa = PBXShellScriptBuildPhase;
			buildActionMask = 2147483647;
			files = (
			);
			inputPaths = (
			);
			outputPaths = (
			);
			runOnlyForDeploymentPostprocessing = 0;
			shellPath = /bin/sh;
			shellScript = "# Run the unit tests in this test bundle.\n\"${SYSTEM_DEVELOPER_DIR}/Tools/RunUnitTests\"\n";
		};
/* End PBXShellScriptBuildPhase section */

/* Begin PBXSourcesBuildPhase section */
		C1E8502913FFA4C300B38510 /* Sources */ = {
			isa = PBXSourcesBuildPhase;
			buildActionMask = 2147483647;
			files = (
				C1E8503F13FFA4C300B38510 /* main.m in Sources */,
				C1E8504213FFA4C300B38510 /* UIDeviceAdditionAppDelegate.m in Sources */,
				C1E8504813FFA4C300B38510 /* UIDeviceAdditionViewController.m in Sources */,
				C1E8505413FFA51200B38510 /* UIDevice+IdentifierAddition.m in Sources */,
				C1E8506313FFAB5D00B38510 /* NSString+MD5Addition.m in Sources */,
			);
			runOnlyForDeploymentPostprocessing = 0;
		};
		FB23CDFD158A62BB0099D74C /* Sources */ = {
			isa = PBXSourcesBuildPhase;
			buildActionMask = 2147483647;
			files = (
				FB23CE0D158A62D70099D74C /* UIDevice+IdentifierAddition.m in Sources */,
				FB23CE0E158A62D70099D74C /* NSString+MD5Addition.m in Sources */,
			);
			runOnlyForDeploymentPostprocessing = 0;
		};
		FBD7FF921562E6DA0065F054 /* Sources */ = {
			isa = PBXSourcesBuildPhase;
			buildActionMask = 2147483647;
			files = (
				FBD7FFA71562E6DA0065F054 /* UIDeviceAdditionLibTests.m in Sources */,
			);
			runOnlyForDeploymentPostprocessing = 0;
		};
/* End PBXSourcesBuildPhase section */

/* Begin PBXVariantGroup section */
		C1E8503A13FFA4C300B38510 /* InfoPlist.strings */ = {
			isa = PBXVariantGroup;
			children = (
				C1E8503B13FFA4C300B38510 /* en */,
			);
			name = InfoPlist.strings;
			sourceTree = "<group>";
		};
		C1E8504313FFA4C300B38510 /* MainWindow.xib */ = {
			isa = PBXVariantGroup;
			children = (
				C1E8504413FFA4C300B38510 /* en */,
			);
			name = MainWindow.xib;
			sourceTree = "<group>";
		};
		C1E8504913FFA4C300B38510 /* UIDeviceAdditionViewController.xib */ = {
			isa = PBXVariantGroup;
			children = (
				C1E8504A13FFA4C300B38510 /* en */,
			);
			name = UIDeviceAdditionViewController.xib;
			sourceTree = "<group>";
		};
		FBD7FFA21562E6DA0065F054 /* InfoPlist.strings */ = {
			isa = PBXVariantGroup;
			children = (
				FBD7FFA31562E6DA0065F054 /* en */,
			);
			name = InfoPlist.strings;
			sourceTree = "<group>";
		};
/* End PBXVariantGroup section */

/* Begin XCBuildConfiguration section */
		C1E8504C13FFA4C300B38510 /* Debug */ = {
			isa = XCBuildConfiguration;
			buildSettings = {
				ARCHS = "$(ARCHS_STANDARD_32_BIT)";
				"CODE_SIGN_IDENTITY[sdk=iphoneos*]" = "iPhone Developer";
				GCC_C_LANGUAGE_STANDARD = gnu99;
				GCC_OPTIMIZATION_LEVEL = 0;
				GCC_PREPROCESSOR_DEFINITIONS = DEBUG;
				GCC_SYMBOLS_PRIVATE_EXTERN = NO;
				GCC_VERSION = com.apple.compilers.llvmgcc42;
				GCC_WARN_ABOUT_RETURN_TYPE = YES;
				GCC_WARN_UNUSED_VARIABLE = YES;
				IPHONEOS_DEPLOYMENT_TARGET = 4.3;
				SDKROOT = iphoneos;
			};
			name = Debug;
		};
		C1E8504D13FFA4C300B38510 /* Release */ = {
			isa = XCBuildConfiguration;
			buildSettings = {
				ARCHS = "$(ARCHS_STANDARD_32_BIT)";
				"CODE_SIGN_IDENTITY[sdk=iphoneos*]" = "iPhone Developer";
				GCC_C_LANGUAGE_STANDARD = gnu99;
				GCC_VERSION = com.apple.compilers.llvmgcc42;
				GCC_WARN_ABOUT_RETURN_TYPE = YES;
				GCC_WARN_UNUSED_VARIABLE = YES;
				IPHONEOS_DEPLOYMENT_TARGET = 4.3;
				OTHER_CFLAGS = "-DNS_BLOCK_ASSERTIONS=1";
				SDKROOT = iphoneos;
			};
			name = Release;
		};
		C1E8504F13FFA4C300B38510 /* Debug */ = {
			isa = XCBuildConfiguration;
			buildSettings = {
				ALWAYS_SEARCH_USER_PATHS = NO;
				COPY_PHASE_STRIP = NO;
				GCC_DYNAMIC_NO_PIC = NO;
				GCC_PRECOMPILE_PREFIX_HEADER = YES;
				GCC_PREFIX_HEADER = "UIDeviceAddition/UIDeviceAddition-Prefix.pch";
				GCC_VERSION = com.apple.compilers.llvm.clang.1_0;
				INFOPLIST_FILE = "UIDeviceAddition/UIDeviceAddition-Info.plist";
				IPHONEOS_DEPLOYMENT_TARGET = 4.0;
				PRODUCT_NAME = "$(TARGET_NAME)";
				WRAPPER_EXTENSION = app;
			};
			name = Debug;
		};
		C1E8505013FFA4C300B38510 /* Release */ = {
			isa = XCBuildConfiguration;
			buildSettings = {
				ALWAYS_SEARCH_USER_PATHS = NO;
				COPY_PHASE_STRIP = YES;
				GCC_PRECOMPILE_PREFIX_HEADER = YES;
				GCC_PREFIX_HEADER = "UIDeviceAddition/UIDeviceAddition-Prefix.pch";
				GCC_VERSION = com.apple.compilers.llvm.clang.1_0;
				INFOPLIST_FILE = "UIDeviceAddition/UIDeviceAddition-Info.plist";
				IPHONEOS_DEPLOYMENT_TARGET = 4.0;
				PRODUCT_NAME = "$(TARGET_NAME)";
				VALIDATE_PRODUCT = YES;
				WRAPPER_EXTENSION = app;
			};
			name = Release;
		};
		FB23CE0A158A62BB0099D74C /* Debug */ = {
			isa = XCBuildConfiguration;
			buildSettings = {
				ALWAYS_SEARCH_USER_PATHS = NO;
				CLANG_ENABLE_OBJC_ARC = NO;
				COPY_PHASE_STRIP = NO;
				DSTROOT = /tmp/UIDeviceAdditionLib.dst;
				GCC_DYNAMIC_NO_PIC = NO;
				GCC_PRECOMPILE_PREFIX_HEADER = YES;
				GCC_PREFIX_HEADER = "UIDeviceAdditionLib/UIDeviceAdditionLib-Prefix.pch";
				GCC_PREPROCESSOR_DEFINITIONS = (
					"DEBUG=1",
					"$(inherited)",
				);
				GCC_VERSION = com.apple.compilers.llvm.clang.1_0;
				GCC_WARN_UNINITIALIZED_AUTOS = YES;
				IPHONEOS_DEPLOYMENT_TARGET = 5.1;
				OTHER_LDFLAGS = "-ObjC";
				PRODUCT_NAME = "$(TARGET_NAME)";
				SKIP_INSTALL = YES;
			};
			name = Debug;
		};
		FB23CE0B158A62BB0099D74C /* Release */ = {
			isa = XCBuildConfiguration;
			buildSettings = {
				ALWAYS_SEARCH_USER_PATHS = NO;
				CLANG_ENABLE_OBJC_ARC = NO;
				COPY_PHASE_STRIP = YES;
				DSTROOT = /tmp/UIDeviceAdditionLib.dst;
				GCC_PRECOMPILE_PREFIX_HEADER = YES;
				GCC_PREFIX_HEADER = "UIDeviceAdditionLib/UIDeviceAdditionLib-Prefix.pch";
				GCC_VERSION = com.apple.compilers.llvm.clang.1_0;
				GCC_WARN_UNINITIALIZED_AUTOS = YES;
				IPHONEOS_DEPLOYMENT_TARGET = 5.1;
				OTHER_LDFLAGS = "-ObjC";
				PRODUCT_NAME = "$(TARGET_NAME)";
				SKIP_INSTALL = YES;
				VALIDATE_PRODUCT = YES;
			};
			name = Release;
		};
		FB23CE0C158A62BB0099D74C /* AdHoc */ = {
			isa = XCBuildConfiguration;
			buildSettings = {
				ALWAYS_SEARCH_USER_PATHS = NO;
				CLANG_ENABLE_OBJC_ARC = NO;
				COPY_PHASE_STRIP = YES;
				DSTROOT = /tmp/UIDeviceAdditionLib.dst;
				GCC_PRECOMPILE_PREFIX_HEADER = YES;
				GCC_PREFIX_HEADER = "UIDeviceAdditionLib/UIDeviceAdditionLib-Prefix.pch";
				GCC_VERSION = com.apple.compilers.llvm.clang.1_0;
				GCC_WARN_UNINITIALIZED_AUTOS = YES;
				IPHONEOS_DEPLOYMENT_TARGET = 5.1;
				OTHER_LDFLAGS = "-ObjC";
				PRODUCT_NAME = "$(TARGET_NAME)";
				SKIP_INSTALL = YES;
				VALIDATE_PRODUCT = YES;
			};
			name = AdHoc;
		};
		FB775077158A5C4D003B6C74 /* AdHoc */ = {
			isa = XCBuildConfiguration;
			buildSettings = {
				ARCHS = "$(ARCHS_STANDARD_32_BIT)";
				"CODE_SIGN_IDENTITY[sdk=iphoneos*]" = "iPhone Developer";
				GCC_C_LANGUAGE_STANDARD = gnu99;
				GCC_VERSION = com.apple.compilers.llvmgcc42;
				GCC_WARN_ABOUT_RETURN_TYPE = YES;
				GCC_WARN_UNUSED_VARIABLE = YES;
				IPHONEOS_DEPLOYMENT_TARGET = 4.3;
				OTHER_CFLAGS = "-DNS_BLOCK_ASSERTIONS=1";
				SDKROOT = iphoneos;
			};
			name = AdHoc;
		};
		FB775078158A5C4D003B6C74 /* AdHoc */ = {
			isa = XCBuildConfiguration;
			buildSettings = {
				ALWAYS_SEARCH_USER_PATHS = NO;
				COPY_PHASE_STRIP = YES;
				GCC_PRECOMPILE_PREFIX_HEADER = YES;
				GCC_PREFIX_HEADER = "UIDeviceAddition/UIDeviceAddition-Prefix.pch";
				GCC_VERSION = com.apple.compilers.llvm.clang.1_0;
				INFOPLIST_FILE = "UIDeviceAddition/UIDeviceAddition-Info.plist";
				IPHONEOS_DEPLOYMENT_TARGET = 4.0;
				PRODUCT_NAME = "$(TARGET_NAME)";
				VALIDATE_PRODUCT = YES;
				WRAPPER_EXTENSION = app;
			};
			name = AdHoc;
		};
		FB77507A158A5C4D003B6C74 /* AdHoc */ = {
			isa = XCBuildConfiguration;
			buildSettings = {
				ALWAYS_SEARCH_USER_PATHS = NO;
				CLANG_ENABLE_OBJC_ARC = YES;
				COPY_PHASE_STRIP = YES;
				FRAMEWORK_SEARCH_PATHS = (
					"$(SDKROOT)/Developer/Library/Frameworks",
					"$(DEVELOPER_LIBRARY_DIR)/Frameworks",
				);
				GCC_PRECOMPILE_PREFIX_HEADER = YES;
				GCC_PREFIX_HEADER = "UIDeviceAdditionLib/UIDeviceAdditionLib-Prefix.pch";
				GCC_VERSION = com.apple.compilers.llvm.clang.1_0;
				GCC_WARN_UNINITIALIZED_AUTOS = YES;
				INFOPLIST_FILE = "UIDeviceAdditionLibTests/UIDeviceAdditionLibTests-Info.plist";
				IPHONEOS_DEPLOYMENT_TARGET = 5.1;
				PRODUCT_NAME = "$(TARGET_NAME)";
				VALIDATE_PRODUCT = YES;
				WRAPPER_EXTENSION = octest;
			};
			name = AdHoc;
		};
		FBD7FFAA1562E6DA0065F054 /* Debug */ = {
			isa = XCBuildConfiguration;
			buildSettings = {
				ALWAYS_SEARCH_USER_PATHS = NO;
				CLANG_ENABLE_OBJC_ARC = YES;
				COPY_PHASE_STRIP = NO;
				FRAMEWORK_SEARCH_PATHS = (
					"$(SDKROOT)/Developer/Library/Frameworks",
					"$(DEVELOPER_LIBRARY_DIR)/Frameworks",
				);
				GCC_DYNAMIC_NO_PIC = NO;
				GCC_PRECOMPILE_PREFIX_HEADER = YES;
				GCC_PREFIX_HEADER = "UIDeviceAdditionLib/UIDeviceAdditionLib-Prefix.pch";
				GCC_PREPROCESSOR_DEFINITIONS = (
					"DEBUG=1",
					"$(inherited)",
				);
				GCC_VERSION = com.apple.compilers.llvm.clang.1_0;
				GCC_WARN_UNINITIALIZED_AUTOS = YES;
				INFOPLIST_FILE = "UIDeviceAdditionLibTests/UIDeviceAdditionLibTests-Info.plist";
				IPHONEOS_DEPLOYMENT_TARGET = 5.1;
				PRODUCT_NAME = "$(TARGET_NAME)";
				WRAPPER_EXTENSION = octest;
			};
			name = Debug;
		};
		FBD7FFAB1562E6DA0065F054 /* Release */ = {
			isa = XCBuildConfiguration;
			buildSettings = {
				ALWAYS_SEARCH_USER_PATHS = NO;
				CLANG_ENABLE_OBJC_ARC = YES;
				COPY_PHASE_STRIP = YES;
				FRAMEWORK_SEARCH_PATHS = (
					"$(SDKROOT)/Developer/Library/Frameworks",
					"$(DEVELOPER_LIBRARY_DIR)/Frameworks",
				);
				GCC_PRECOMPILE_PREFIX_HEADER = YES;
				GCC_PREFIX_HEADER = "UIDeviceAdditionLib/UIDeviceAdditionLib-Prefix.pch";
				GCC_VERSION = com.apple.compilers.llvm.clang.1_0;
				GCC_WARN_UNINITIALIZED_AUTOS = YES;
				INFOPLIST_FILE = "UIDeviceAdditionLibTests/UIDeviceAdditionLibTests-Info.plist";
				IPHONEOS_DEPLOYMENT_TARGET = 5.1;
				PRODUCT_NAME = "$(TARGET_NAME)";
				VALIDATE_PRODUCT = YES;
				WRAPPER_EXTENSION = octest;
			};
			name = Release;
		};
/* End XCBuildConfiguration section */

/* Begin XCConfigurationList section */
		C1E8502713FFA4C300B38510 /* Build configuration list for PBXProject "UIDeviceAddition" */ = {
			isa = XCConfigurationList;
			buildConfigurations = (
				C1E8504C13FFA4C300B38510 /* Debug */,
				C1E8504D13FFA4C300B38510 /* Release */,
				FB775077158A5C4D003B6C74 /* AdHoc */,
			);
			defaultConfigurationIsVisible = 0;
			defaultConfigurationName = Release;
		};
		C1E8504E13FFA4C300B38510 /* Build configuration list for PBXNativeTarget "UIDeviceAddition" */ = {
			isa = XCConfigurationList;
			buildConfigurations = (
				C1E8504F13FFA4C300B38510 /* Debug */,
				C1E8505013FFA4C300B38510 /* Release */,
				FB775078158A5C4D003B6C74 /* AdHoc */,
			);
			defaultConfigurationIsVisible = 0;
			defaultConfigurationName = Release;
		};
		FB23CE09158A62BB0099D74C /* Build configuration list for PBXNativeTarget "UIDeviceAdditionLib" */ = {
			isa = XCConfigurationList;
			buildConfigurations = (
				FB23CE0A158A62BB0099D74C /* Debug */,
				FB23CE0B158A62BB0099D74C /* Release */,
				FB23CE0C158A62BB0099D74C /* AdHoc */,
			);
			defaultConfigurationIsVisible = 0;
		};
		FBD7FFAD1562E6DA0065F054 /* Build configuration list for PBXNativeTarget "UIDeviceAdditionLibTests" */ = {
			isa = XCConfigurationList;
			buildConfigurations = (
				FBD7FFAA1562E6DA0065F054 /* Debug */,
				FBD7FFAB1562E6DA0065F054 /* Release */,
				FB77507A158A5C4D003B6C74 /* AdHoc */,
			);
			defaultConfigurationIsVisible = 0;
			defaultConfigurationName = Release;
		};
/* End XCConfigurationList section */
	};
	rootObject = C1E8502413FFA4C300B38510 /* Project object */;
}
